
Microsoft Visual Studio Solution File, Format Version 12.00
# Visual Studio Version 16
VisualStudioVersion = 16.0.30225.117
MinimumVisualStudioVersion = 10.0.40219.1
Project("{FAE04EC0-301F-11D3-BF4B-00C04F79EFBC}") = "Func", "Func\Func.csproj", "{D171A929-A7D5-4E9E-9863-A5E1543CDF22}"
EndProject
Global
	GlobalSection(SolutionConfigurationPlatforms) = preSolution
		Debug|Any CPU = Debug|Any CPU
		Release|Any CPU = Release|Any CPU
	EndGlobalSection
	GlobalSection(ProjectConfigurationPlatforms) = postSolution
		{D171A929-A7D5-4E9E-9863-A5E1543CDF22}.Debug|Any CPU.ActiveCfg = Debug|Any CPU
		{D171A929-A7D5-4E9E-9863-A5E1543CDF22}.Debug|Any CPU.Build.0 = Debug|Any CPU
		{D171A929-A7D5-4E9E-9863-A5E1543CDF22}.Release|Any CPU.ActiveCfg = Release|Any CPU
		{D171A929-A7D5-4E9E-9863-A5E1543CDF22}.Release|Any CPU.Build.0 = Release|Any CPU
	EndGlobalSection
	GlobalSection(SolutionProperties) = preSolution
		HideSolutionNode = FALSE
	EndGlobalSection
	GlobalSection(ExtensibilityGlobals) = postSolution
		SolutionGuid = {DA9366BC-1C8D-421A-8ADC-E6948CC7E5D7}
	EndGlobalSection
EndGlobal
